
Microsoft Visual Studio Solution File, Format Version 12.00
# Visual Studio Version 17
VisualStudioVersion = 17.6.33723.286
MinimumVisualStudioVersion = 10.0.40219.1
Project("{FAE04EC0-301F-11D3-BF4B-00C04F79EFBC}") = "远程设备存活检测工具", "远程设备存活检测工具\远程设备存活检测工具.csproj", "{CE00DFC8-A69B-42E6-8C3E-FBCC3DA3DDF7}"
EndProject
Global
	GlobalSection(SolutionConfigurationPlatforms) = preSolution
		Debug|Any CPU = Debug|Any CPU
		Release|Any CPU = Release|Any CPU
	EndGlobalSection
	GlobalSection(ProjectConfigurationPlatforms) = postSolution
		{CE00DFC8-A69B-42E6-8C3E-FBCC3DA3DDF7}.Debug|Any CPU.ActiveCfg = Debug|Any CPU
		{CE00DFC8-A69B-42E6-8C3E-FBCC3DA3DDF7}.Debug|Any CPU.Build.0 = Debug|Any CPU
		{CE00DFC8-A69B-42E6-8C3E-FBCC3DA3DDF7}.Release|Any CPU.ActiveCfg = Release|Any CPU
		{CE00DFC8-A69B-42E6-8C3E-FBCC3DA3DDF7}.Release|Any CPU.Build.0 = Release|Any CPU
	EndGlobalSection
	GlobalSection(SolutionProperties) = preSolution
		HideSolutionNode = FALSE
	EndGlobalSection
	GlobalSection(ExtensibilityGlobals) = postSolution
		SolutionGuid = {29919AB4-F1B5-45B2-8881-EC457354CF59}
	EndGlobalSection
EndGlobal
